
Microsoft Visual Studio Solution File, Format Version 12.00
# Visual Studio 2013
VisualStudioVersion = 12.0.30723.0
MinimumVisualStudioVersion = 10.0.40219.1
Project("{8BC9CEB8-8B4A-11D0-8D11-00A0C91BC942}") = "NThanhTest", "NThanhTest\NThanhTest.vcxproj", "{ACF35BDF-6695-4C53-A1BF-F693E4E822F6}"
EndProject
Global
	GlobalSection(SolutionConfigurationPlatforms) = preSolution
		Debug|Win32 = Debug|Win32
		Release|Win32 = Release|Win32
	EndGlobalSection
	GlobalSection(ProjectConfigurationPlatforms) = postSolution
		{ACF35BDF-6695-4C53-A1BF-F693E4E822F6}.Debug|Win32.ActiveCfg = Debug|Win32
		{ACF35BDF-6695-4C53-A1BF-F693E4E822F6}.Debug|Win32.Build.0 = Debug|Win32
		{ACF35BDF-6695-4C53-A1BF-F693E4E822F6}.Release|Win32.ActiveCfg = Release|Win32
		{ACF35BDF-6695-4C53-A1BF-F693E4E822F6}.Release|Win32.Build.0 = Release|Win32
	EndGlobalSection
	GlobalSection(SolutionProperties) = preSolution
		HideSolutionNode = FALSE
	EndGlobalSection
EndGlobal
